
Microsoft Visual Studio Solution File, Format Version 12.00
# Visual Studio 15
VisualStudioVersion = 15.0.27004.2005
MinimumVisualStudioVersion = 10.0.40219.1
Project("{FAE04EC0-301F-11D3-BF4B-00C04F79EFBC}") = "Widm", "Widm\Widm.csproj", "{2ABCB0A9-DFD8-4F6E-89B4-56F748C85C86}"
EndProject
Global
	GlobalSection(SolutionConfigurationPlatforms) = preSolution
		Debug|Any CPU = Debug|Any CPU
		Debug|x64 = Debug|x64
		Release|Any CPU = Release|Any CPU
		Release|x64 = Release|x64
	EndGlobalSection
	GlobalSection(ProjectConfigurationPlatforms) = postSolution
		{2ABCB0A9-DFD8-4F6E-89B4-56F748C85C86}.Debug|Any CPU.ActiveCfg = Debug|Any CPU
		{2ABCB0A9-DFD8-4F6E-89B4-56F748C85C86}.Debug|Any CPU.Build.0 = Debug|Any CPU
		{2ABCB0A9-DFD8-4F6E-89B4-56F748C85C86}.Debug|x64.ActiveCfg = Debug|Any CPU
		{2ABCB0A9-DFD8-4F6E-89B4-56F748C85C86}.Debug|x64.Build.0 = Debug|Any CPU
		{2ABCB0A9-DFD8-4F6E-89B4-56F748C85C86}.Release|Any CPU.ActiveCfg = Release|Any CPU
		{2ABCB0A9-DFD8-4F6E-89B4-56F748C85C86}.Release|Any CPU.Build.0 = Release|Any CPU
		{2ABCB0A9-DFD8-4F6E-89B4-56F748C85C86}.Release|x64.ActiveCfg = Release|Any CPU
		{2ABCB0A9-DFD8-4F6E-89B4-56F748C85C86}.Release|x64.Build.0 = Release|Any CPU
	EndGlobalSection
	GlobalSection(SolutionProperties) = preSolution
		HideSolutionNode = FALSE
	EndGlobalSection
	GlobalSection(ExtensibilityGlobals) = postSolution
		SolutionGuid = {37E20DD0-65A9-4DA7-8C3B-85B5E107D065}
	EndGlobalSection
EndGlobal
